Microsoft Visual Studio Solution File, Format Version 12.00
# Visual Studio Version 16
VisualStudioVersion = 16.0.28803.352
MinimumVisualStudioVersion = 10.0.40219.1
Project("{FAE04EC0-301F-11D3-BF4B-00C04F79EFBC}") = "PMWorks.Android", "PMWorks.Android\PMWorks.Android.csproj", "{DD5D1540-4BC4-42A7-9C28-9E42D889D111}"
EndProject
Project("{FAE04EC0-301F-11D3-BF4B-00C04F79EFBC}") = "PMWorks.iOS", "PMWorks.iOS\PMWorks.iOS.csproj", "{918AC907-7AF8-468D-BB06-15B7F949ABDC}"
EndProject
Project("{9A19103F-16F7-4668-BE54-9A1E7A4F7556}") = "PMWorks", "PMWorks\PMWorks.csproj", "{9B6FCC9F-9F4D-4876-A1EE-BAFD4A64094F}"
EndProject
Global
	GlobalSection(SolutionConfigurationPlatforms) = preSolution
		Ad-Hoc|Any CPU = Ad-Hoc|Any CPU
		Ad-Hoc|iPhone = Ad-Hoc|iPhone
		Ad-Hoc|iPhoneSimulator = Ad-Hoc|iPhoneSimulator
		AppStore|Any CPU = AppStore|Any CPU
		AppStore|iPhone = AppStore|iPhone
		AppStore|iPhoneSimulator = AppStore|iPhoneSimulator
		Debug|Any CPU = Debug|Any CPU
		Debug|iPhone = Debug|iPhone
		Debug|iPhoneSimulator = Debug|iPhoneSimulator
		Release|Any CPU = Release|Any CPU
		Release|iPhone = Release|iPhone
		Release|iPhoneSimulator = Release|iPhoneSimulator
	EndGlobalSection
	GlobalSection(ProjectConfigurationPlatforms) = postSolution
		{DD5D1540-4BC4-42A7-9C28-9E42D889D111}.Ad-Hoc|Any CPU.ActiveCfg = Release|Any CPU
		{DD5D1540-4BC4-42A7-9C28-9E42D889D111}.Ad-Hoc|Any CPU.Build.0 = Release|Any CPU
		{DD5D1540-4BC4-42A7-9C28-9E42D889D111}.Ad-Hoc|Any CPU.Deploy.0 = Release|Any CPU
		{DD5D1540-4BC4-42A7-9C28-9E42D889D111}.Ad-Hoc|iPhone.ActiveCfg = Debug|Any CPU
		{DD5D1540-4BC4-42A7-9C28-9E42D889D111}.Ad-Hoc|iPhone.Build.0 = Debug|Any CPU
		{DD5D1540-4BC4-42A7-9C28-9E42D889D111}.Ad-Hoc|iPhoneSimulator.ActiveCfg = Release|Any CPU
		{DD5D1540-4BC4-42A7-9C28-9E42D889D111}.Ad-Hoc|iPhoneSimulator.Build.0 = Release|Any CPU
		{DD5D1540-4BC4-42A7-9C28-9E42D889D111}.Ad-Hoc|iPhoneSimulator.Deploy.0 = Release|Any CPU
		{DD5D1540-4BC4-42A7-9C28-9E42D889D111}.AppStore|Any CPU.ActiveCfg = Release|Any CPU
		{DD5D1540-4BC4-42A7-9C28-9E42D889D111}.AppStore|Any CPU.Build.0 = Release|Any CPU
		{DD5D1540-4BC4-42A7-9C28-9E42D889D111}.AppStore|Any CPU.Deploy.0 = Release|Any CPU
		{DD5D1540-4BC4-42A7-9C28-9E42D889D111}.AppStore|iPhone.ActiveCfg = Debug|Any CPU
		{DD5D1540-4BC4-42A7-9C28-9E42D889D111}.AppStore|iPhone.Build.0 = Debug|Any CPU
		{DD5D1540-4BC4-42A7-9C28-9E42D889D111}.AppStore|iPhoneSimulator.ActiveCfg = Release|Any CPU
		{DD5D1540-4BC4-42A7-9C28-9E42D889D111}.AppStore|iPhoneSimulator.Build.0 = Release|Any CPU
		{DD5D1540-4BC4-42A7-9C28-9E42D889D111}.AppStore|iPhoneSimulator.Deploy.0 = Release|Any CPU
		{DD5D1540-4BC4-42A7-9C28-9E42D889D111}.Debug|Any CPU.ActiveCfg = Debug|Any CPU
		{DD5D1540-4BC4-42A7-9C28-9E42D889D111}.Debug|Any CPU.Build.0 = Debug|Any CPU
		{DD5D1540-4BC4-42A7-9C28-9E42D889D111}.Debug|iPhone.ActiveCfg = Debug|Any CPU
		{DD5D1540-4BC4-42A7-9C28-9E42D889D111}.Debug|iPhone.Build.0 = Debug|Any CPU
		{DD5D1540-4BC4-42A7-9C28-9E42D889D111}.Debug|iPhoneSimulator.ActiveCfg = Debug|Any CPU
		{DD5D1540-4BC4-42A7-9C28-9E42D889D111}.Debug|iPhoneSimulator.Build.0 = Debug|Any CPU
		{DD5D1540-4BC4-42A7-9C28-9E42D889D111}.Release|Any CPU.ActiveCfg = Release|Any CPU
		{DD5D1540-4BC4-42A7-9C28-9E42D889D111}.Release|Any CPU.Build.0 = Release|Any CPU
		{DD5D1540-4BC4-42A7-9C28-9E42D889D111}.Release|iPhone.ActiveCfg = Release|Any CPU
		{DD5D1540-4BC4-42A7-9C28-9E42D889D111}.Release|iPhone.Build.0 = Release|Any CPU
		{DD5D1540-4BC4-42A7-9C28-9E42D889D111}.Release|iPhoneSimulator.ActiveCfg = Release|Any CPU
		{DD5D1540-4BC4-42A7-9C28-9E42D889D111}.Release|iPhoneSimulator.Build.0 = Release|Any CPU
		{918AC907-7AF8-468D-BB06-15B7F949ABDC}.Ad-Hoc|Any CPU.ActiveCfg = Ad-Hoc|iPhoneSimulator
		{918AC907-7AF8-468D-BB06-15B7F949ABDC}.Ad-Hoc|iPhone.ActiveCfg = Ad-Hoc|iPhone
		{918AC907-7AF8-468D-BB06-15B7F949ABDC}.Ad-Hoc|iPhone.Build.0 = Ad-Hoc|iPhone
		{918AC907-7AF8-468D-BB06-15B7F949ABDC}.Ad-Hoc|iPhoneSimulator.ActiveCfg = Ad-Hoc|iPhoneSimulator
		{918AC907-7AF8-468D-BB06-15B7F949ABDC}.Ad-Hoc|iPhoneSimulator.Build.0 = Ad-Hoc|iPhoneSimulator
		{918AC907-7AF8-468D-BB06-15B7F949ABDC}.AppStore|Any CPU.ActiveCfg = AppStore|iPhoneSimulator
		{918AC907-7AF8-468D-BB06-15B7F949ABDC}.AppStore|iPhone.ActiveCfg = AppStore|iPhone
		{918AC907-7AF8-468D-BB06-15B7F949ABDC}.AppStore|iPhone.Build.0 = AppStore|iPhone
		{918AC907-7AF8-468D-BB06-15B7F949ABDC}.AppStore|iPhoneSimulator.ActiveCfg = AppStore|iPhoneSimulator
		{918AC907-7AF8-468D-BB06-15B7F949ABDC}.AppStore|iPhoneSimulator.Build.0 = AppStore|iPhoneSimulator
		{918AC907-7AF8-468D-BB06-15B7F949ABDC}.Debug|Any CPU.ActiveCfg = Debug|iPhoneSimulator
		{918AC907-7AF8-468D-BB06-15B7F949ABDC}.Debug|Any CPU.Build.0 = Debug|iPhoneSimulator
		{918AC907-7AF8-468D-BB06-15B7F949ABDC}.Debug|iPhone.ActiveCfg = Debug|iPhone
		{918AC907-7AF8-468D-BB06-15B7F949ABDC}.Debug|iPhone.Build.0 = Debug|iPhone
		{918AC907-7AF8-468D-BB06-15B7F949ABDC}.Debug|iPhoneSimulator.ActiveCfg = Debug|iPhoneSimulator
		{918AC907-7AF8-468D-BB06-15B7F949ABDC}.Debug|iPhoneSimulator.Build.0 = Debug|iPhoneSimulator
		{918AC907-7AF8-468D-BB06-15B7F949ABDC}.Release|Any CPU.ActiveCfg = Release|iPhoneSimulator
		{918AC907-7AF8-468D-BB06-15B7F949ABDC}.Release|Any CPU.Build.0 = Release|iPhoneSimulator
		{918AC907-7AF8-468D-BB06-15B7F949ABDC}.Release|iPhone.ActiveCfg = Release|iPhone
		{918AC907-7AF8-468D-BB06-15B7F949ABDC}.Release|iPhone.Build.0 = Release|iPhone
		{918AC907-7AF8-468D-BB06-15B7F949ABDC}.Release|iPhoneSimulator.ActiveCfg = Release|iPhoneSimulator
		{918AC907-7AF8-468D-BB06-15B7F949ABDC}.Release|iPhoneSimulator.Build.0 = Release|iPhoneSimulator
		{9B6FCC9F-9F4D-4876-A1EE-BAFD4A64094F}.Ad-Hoc|Any CPU.ActiveCfg = Release|Any CPU
		{9B6FCC9F-9F4D-4876-A1EE-BAFD4A64094F}.Ad-Hoc|Any CPU.Build.0 = Release|Any CPU
		{9B6FCC9F-9F4D-4876-A1EE-BAFD4A64094F}.Ad-Hoc|iPhone.ActiveCfg = Debug|Any CPU
		{9B6FCC9F-9F4D-4876-A1EE-BAFD4A64094F}.Ad-Hoc|iPhone.Build.0 = Debug|Any CPU
		{9B6FCC9F-9F4D-4876-A1EE-BAFD4A64094F}.Ad-Hoc|iPhoneSimulator.ActiveCfg = Release|Any CPU
		{9B6FCC9F-9F4D-4876-A1EE-BAFD4A64094F}.Ad-Hoc|iPhoneSimulator.Build.0 = Release|Any CPU
		{9B6FCC9F-9F4D-4876-A1EE-BAFD4A64094F}.AppStore|Any CPU.ActiveCfg = Release|Any CPU
		{9B6FCC9F-9F4D-4876-A1EE-BAFD4A64094F}.AppStore|Any CPU.Build.0 = Release|Any CPU
		{9B6FCC9F-9F4D-4876-A1EE-BAFD4A64094F}.AppStore|iPhone.ActiveCfg = Debug|Any CPU
		{9B6FCC9F-9F4D-4876-A1EE-BAFD4A64094F}.AppStore|iPhone.Build.0 = Debug|Any CPU
		{9B6FCC9F-9F4D-4876-A1EE-BAFD4A64094F}.AppStore|iPhoneSimulator.ActiveCfg = Release|Any CPU
		{9B6FCC9F-9F4D-4876-A1EE-BAFD4A64094F}.AppStore|iPhoneSimulator.Build.0 = Release|Any CPU
		{9B6FCC9F-9F4D-4876-A1EE-BAFD4A64094F}.Debug|Any CPU.ActiveCfg = Debug|Any CPU
		{9B6FCC9F-9F4D-4876-A1EE-BAFD4A64094F}.Debug|Any CPU.Build.0 = Debug|Any CPU
		{9B6FCC9F-9F4D-4876-A1EE-BAFD4A64094F}.Debug|iPhone.ActiveCfg = Debug|Any CPU
		{9B6FCC9F-9F4D-4876-A1EE-BAFD4A64094F}.Debug|iPhone.Build.0 = Debug|Any CPU
		{9B6FCC9F-9F4D-4876-A1EE-BAFD4A64094F}.Debug|iPhoneSimulator.ActiveCfg = Debug|Any CPU
		{9B6FCC9F-9F4D-4876-A1EE-BAFD4A64094F}.Debug|iPhoneSimulator.Build.0 = Debug|Any CPU
		{9B6FCC9F-9F4D-4876-A1EE-BAFD4A64094F}.Release|Any CPU.ActiveCfg = Release|Any CPU
		{9B6FCC9F-9F4D-4876-A1EE-BAFD4A64094F}.Release|Any CPU.Build.0 = Release|Any CPU
		{9B6FCC9F-9F4D-4876-A1EE-BAFD4A64094F}.Release|iPhone.ActiveCfg = Release|Any CPU
		{9B6FCC9F-9F4D-4876-A1EE-BAFD4A64094F}.Release|iPhone.Build.0 = Release|Any CPU
		{9B6FCC9F-9F4D-4876-A1EE-BAFD4A64094F}.Release|iPhoneSimulator.ActiveCfg = Release|Any CPU
		{9B6FCC9F-9F4D-4876-A1EE-BAFD4A64094F}.Release|iPhoneSimulator.Build.0 = Release|Any CPU
	EndGlobalSection
	GlobalSection(SolutionProperties) = preSolution
		HideSolutionNode = FALSE
	EndGlobalSection
	GlobalSection(ExtensibilityGlobals) = postSolution
		SolutionGuid = {AF0B997E-CB2F-425D-A2DA-BA1E33FF84D2}
	EndGlobalSection
EndGlobal
